
Microsoft Visual Studio Solution File, Format Version 12.00
# Visual Studio Version 16
VisualStudioVersion = 16.0.29519.87
MinimumVisualStudioVersion = 10.0.40219.1
Project("{FAE04EC0-301F-11D3-BF4B-00C04F79EFBC}") = "Task3", "Task3\Task3.csproj", "{14C1ADB0-EE60-4625-8DB0-846A2A65451E}"
EndProject
Global
	GlobalSection(SolutionConfigurationPlatforms) = preSolution
		Debug|Any CPU = Debug|Any CPU
		Release|Any CPU = Release|Any CPU
	EndGlobalSection
	GlobalSection(ProjectConfigurationPlatforms) = postSolution
		{14C1ADB0-EE60-4625-8DB0-846A2A65451E}.Debug|Any CPU.ActiveCfg = Debug|Any CPU
		{14C1ADB0-EE60-4625-8DB0-846A2A65451E}.Debug|Any CPU.Build.0 = Debug|Any CPU
		{14C1ADB0-EE60-4625-8DB0-846A2A65451E}.Release|Any CPU.ActiveCfg = Release|Any CPU
		{14C1ADB0-EE60-4625-8DB0-846A2A65451E}.Release|Any CPU.Build.0 = Release|Any CPU
	EndGlobalSection
	GlobalSection(SolutionProperties) = preSolution
		HideSolutionNode = FALSE
	EndGlobalSection
	GlobalSection(ExtensibilityGlobals) = postSolution
		SolutionGuid = {72F21DD4-9982-4F5C-843C-B16EC442141C}
	EndGlobalSection
EndGlobal
